
Microsoft Visual Studio Solution File, Format Version 12.00
# Visual Studio Version 17
VisualStudioVersion = 17.7.34003.232
MinimumVisualStudioVersion = 10.0.40219.1
Project("{9A19103F-16F7-4668-BE54-9A1E7A4F7556}") = "KALORI.DATA", "KALORI.DATA\KALORI.DATA.csproj", "{19F03358-5844-41F5-A699-E71941AD6F6A}"
EndProject
Project("{9A19103F-16F7-4668-BE54-9A1E7A4F7556}") = "Kalori_DAL", "KaloriTakibi_DATA\Kalori_DAL.csproj", "{7524C057-7500-4530-8ACA-E812E7FF0B58}"
EndProject
Project("{9A19103F-16F7-4668-BE54-9A1E7A4F7556}") = "KaloriTakip_WFAUI", "KaloriTakip_WFAUI\KaloriTakip_WFAUI.csproj", "{9C15D9BA-6399-436E-8E73-60817414D58A}"
EndProject
Project("{FAE04EC0-301F-11D3-BF4B-00C04F79EFBC}") = "Kalori.Service", "Kalori.Service\Kalori.Service.csproj", "{BD4367CF-EFF1-4BE1-A2FD-BBC0A755379E}"
EndProject
Global
	GlobalSection(SolutionConfigurationPlatforms) = preSolution
		Debug|Any CPU = Debug|Any CPU
		Release|Any CPU = Release|Any CPU
	EndGlobalSection
	GlobalSection(ProjectConfigurationPlatforms) = postSolution
		{19F03358-5844-41F5-A699-E71941AD6F6A}.Debug|Any CPU.ActiveCfg = Debug|Any CPU
		{19F03358-5844-41F5-A699-E71941AD6F6A}.Debug|Any CPU.Build.0 = Debug|Any CPU
		{19F03358-5844-41F5-A699-E71941AD6F6A}.Release|Any CPU.ActiveCfg = Release|Any CPU
		{19F03358-5844-41F5-A699-E71941AD6F6A}.Release|Any CPU.Build.0 = Release|Any CPU
		{7524C057-7500-4530-8ACA-E812E7FF0B58}.Debug|Any CPU.ActiveCfg = Debug|Any CPU
		{7524C057-7500-4530-8ACA-E812E7FF0B58}.Debug|Any CPU.Build.0 = Debug|Any CPU
		{7524C057-7500-4530-8ACA-E812E7FF0B58}.Release|Any CPU.ActiveCfg = Release|Any CPU
		{7524C057-7500-4530-8ACA-E812E7FF0B58}.Release|Any CPU.Build.0 = Release|Any CPU
		{9C15D9BA-6399-436E-8E73-60817414D58A}.Debug|Any CPU.ActiveCfg = Debug|Any CPU
		{9C15D9BA-6399-436E-8E73-60817414D58A}.Debug|Any CPU.Build.0 = Debug|Any CPU
		{9C15D9BA-6399-436E-8E73-60817414D58A}.Release|Any CPU.ActiveCfg = Release|Any CPU
		{9C15D9BA-6399-436E-8E73-60817414D58A}.Release|Any CPU.Build.0 = Release|Any CPU
		{BD4367CF-EFF1-4BE1-A2FD-BBC0A755379E}.Debug|Any CPU.ActiveCfg = Debug|Any CPU
		{BD4367CF-EFF1-4BE1-A2FD-BBC0A755379E}.Debug|Any CPU.Build.0 = Debug|Any CPU
		{BD4367CF-EFF1-4BE1-A2FD-BBC0A755379E}.Release|Any CPU.ActiveCfg = Release|Any CPU
		{BD4367CF-EFF1-4BE1-A2FD-BBC0A755379E}.Release|Any CPU.Build.0 = Release|Any CPU
	EndGlobalSection
	GlobalSection(SolutionProperties) = preSolution
		HideSolutionNode = FALSE
	EndGlobalSection
	GlobalSection(ExtensibilityGlobals) = postSolution
		SolutionGuid = {385960ED-7541-41A5-A181-5D58B2BB9D9F}
	EndGlobalSection
EndGlobal
